# This file is automatically @generated by Cargo.
# It is not intended for manual editing.
[[package]]
name = "bdf"
version = "0.5.5"
source = "registry+https://github.com/rust-lang/crates.io-index"
dependencies = [
 "bit-set 0.3.0 (registry+https://github.com/rust-lang/crates.io-index)",
]

[[package]]
name = "bdf-to-stm"
version = "0.1.0"
dependencies = [
 "bdf 0.5.5 (registry+https://github.com/rust-lang/crates.io-index)",
 "itertools 0.8.0 (registry+https://github.com/rust-lang/crates.io-index)",
]

[[package]]
name = "bit-set"
version = "0.3.0"
source = "registry+https://github.com/rust-lang/crates.io-index"
dependencies = [
 "bit-vec 0.6.1 (registry+https://github.com/rust-lang/crates.io-index)",
]

[[package]]
name = "bit-vec"
version = "0.6.1"
source = "registry+https://github.com/rust-lang/crates.io-index"

[[package]]
name = "either"
version = "1.5.3"
source = "registry+https://github.com/rust-lang/crates.io-index"

[[package]]
name = "itertools"
version = "0.8.0"
source = "registry+https://github.com/rust-lang/crates.io-index"
dependencies = [
 "either 1.5.3 (registry+https://github.com/rust-lang/crates.io-index)",
]

[metadata]
"checksum bdf 0.5.5 (registry+https://github.com/rust-lang/crates.io-index)" = "a28b986e043da7dc2a39dc58940571c4da585cb2e222843c3e261fbe64435eb9"
"checksum bit-set 0.3.0 (registry+https://github.com/rust-lang/crates.io-index)" = "84527c7b0452f22545cc010e72d366a435561d2b28b978035550b3778c4d428d"
"checksum bit-vec 0.6.1 (registry+https://github.com/rust-lang/crates.io-index)" = "a4523a10839ffae575fb08aa3423026c8cb4687eef43952afb956229d4f246f7"
"checksum either 1.5.3 (registry+https://github.com/rust-lang/crates.io-index)" = "bb1f6b1ce1c140482ea30ddd3335fc0024ac7ee112895426e0a629a6c20adfe3"
"checksum itertools 0.8.0 (registry+https://github.com/rust-lang/crates.io-index)" = "5b8467d9c1cebe26feb08c640139247fac215782d35371ade9a2136ed6085358"
